
Microsoft Visual Studio Solution File, Format Version 12.00
# Visual Studio Version 17
VisualStudioVersion = 17.10.35013.160
MinimumVisualStudioVersion = 10.0.40219.1
Project("{2150E333-8FDC-42A3-9474-1A3956D46DE8}") = "Solution Items", "Solution Items", "{2E5AC71E-707C-4D88-8D33-AF1516B1AB25}"
EndProject
Project("{2150E333-8FDC-42A3-9474-1A3956D46DE8}") = "doc", "doc", "{BFED3295-CFF1-4F15-8262-5CFFAF345CBB}"
	ProjectSection(SolutionItems) = preProject
		doc\poc.vertical.slices.net8.drawio = doc\poc.vertical.slices.net8.drawio
		doc\Projeto de Sistema de RH.docx = doc\Projeto de Sistema de RH.docx
		doc\Projeto de Sistema de RH.pdf = doc\Projeto de Sistema de RH.pdf
	EndProjectSection
EndProject
Project("{2150E333-8FDC-42A3-9474-1A3956D46DE8}") = "src", "src", "{C52A446F-2A8D-4E4F-933F-9CF8D3E1CC4F}"
EndProject
Project("{2150E333-8FDC-42A3-9474-1A3956D46DE8}") = "ApiGateway", "ApiGateway", "{BE642CBA-377D-47B3-9F02-712D75675201}"
EndProject
Project("{2150E333-8FDC-42A3-9474-1A3956D46DE8}") = "BuildingBlocks", "BuildingBlocks", "{C6C866F0-8B4F-44C4-B8C4-B9F27FF9F0AB}"
EndProject
Project("{2150E333-8FDC-42A3-9474-1A3956D46DE8}") = "Services", "Services", "{4F6A66AC-7BDE-4A53-B76F-2AB1768700E1}"
EndProject
Project("{2150E333-8FDC-42A3-9474-1A3956D46DE8}") = "Web Apps", "Web Apps", "{0EE84D3E-BFF0-4EB5-AD7F-D1077AB95F85}"
EndProject
Project("{2150E333-8FDC-42A3-9474-1A3956D46DE8}") = "Identity", "Identity", "{68AAC44F-368E-40EE-8A0B-C5953B9FDED2}"
EndProject
Project("{2150E333-8FDC-42A3-9474-1A3956D46DE8}") = "Register", "Register", "{3B49DF55-1D82-4ADB-B461-2431F9BF48E5}"
EndProject
Project("{2150E333-8FDC-42A3-9474-1A3956D46DE8}") = "Basket", "Basket", "{4C87ED09-6089-43E9-A283-76491197976C}"
EndProject
Project("{2150E333-8FDC-42A3-9474-1A3956D46DE8}") = "Catalog", "Catalog", "{2FD29A4B-52F5-48C6-829C-A7815E608F66}"
EndProject
Project("{2150E333-8FDC-42A3-9474-1A3956D46DE8}") = "Ordering", "Ordering", "{9DE2FE42-5BDD-4B4A-9065-6424F4475783}"
EndProject
Project("{2150E333-8FDC-42A3-9474-1A3956D46DE8}") = "Payment", "Payment", "{A518796B-CDC4-4824-9EB4-063C2E619524}"
EndProject
Project("{2150E333-8FDC-42A3-9474-1A3956D46DE8}") = "Webhooks", "Webhooks", "{21E285E7-4128-4A12-915E-2E235A46D801}"
EndProject
Project("{2150E333-8FDC-42A3-9474-1A3956D46DE8}") = "Worker", "Worker", "{75105B25-8B6A-4B9A-92D8-2E9645AC3C04}"
EndProject
Project("{9A19103F-16F7-4668-BE54-9A1E7A4F7556}") = "API.Basket", "backend\API.Basket\API.Basket.csproj", "{CD6C046A-7027-4ECC-9DBE-58C4820F5158}"
EndProject
Project("{9A19103F-16F7-4668-BE54-9A1E7A4F7556}") = "API.Basket.Tests", "backend\API.Basket.Tests\API.Basket.Tests.csproj", "{B9619CE4-3E17-4C51-8567-53F9DABB041C}"
EndProject
Project("{9A19103F-16F7-4668-BE54-9A1E7A4F7556}") = "API.Catalog", "backend\API.Catalog\API.Catalog.csproj", "{7662AF63-CCC6-4BFF-9D18-B4F4DDE2FF46}"
EndProject
Project("{9A19103F-16F7-4668-BE54-9A1E7A4F7556}") = "API.Catalog.Tests", "backend\API.Catalog.Tests\API.Catalog.Tests.csproj", "{E010EEA8-9258-4548-8002-D1371A33020D}"
EndProject
Project("{9A19103F-16F7-4668-BE54-9A1E7A4F7556}") = "API.Identity", "backend\API.Identity\API.Identity.csproj", "{09EC53D3-9722-4EA5-877E-19F5873DAE28}"
EndProject
Project("{9A19103F-16F7-4668-BE54-9A1E7A4F7556}") = "API.Identity.Tests", "backend\API.Identity.Tests\API.Identity.Tests.csproj", "{1AC88ED8-94E2-49CB-A184-EF198CF91EB5}"
EndProject
Project("{9A19103F-16F7-4668-BE54-9A1E7A4F7556}") = "API.Ordering", "backend\API.Ordering\API.Ordering.csproj", "{7EF63DEC-EBE6-4064-9E12-DE7B7FADEF7A}"
EndProject
Project("{9A19103F-16F7-4668-BE54-9A1E7A4F7556}") = "API.Ordering.Tests", "backend\API.Ordering.Tests\API.Ordering.Tests.csproj", "{5005CD95-8F60-4BD6-9292-01718AEA4119}"
EndProject
Project("{9A19103F-16F7-4668-BE54-9A1E7A4F7556}") = "API.Payment", "backend\API.Payment\API.Payment.csproj", "{2CDECCC8-7C76-4587-A19F-9B32FC0B5154}"
EndProject
Project("{9A19103F-16F7-4668-BE54-9A1E7A4F7556}") = "API.Payment.Tests", "backend\API.Payment.Tests\API.Payment.Tests.csproj", "{D49D0A8E-13DE-494C-A807-2A6758775E9F}"
EndProject
Project("{9A19103F-16F7-4668-BE54-9A1E7A4F7556}") = "API.Webhooks", "backend\API.Webhooks\API.Webhooks.csproj", "{BAD2DFA1-4C00-4066-9950-C2D50D030A8E}"
EndProject
Project("{9A19103F-16F7-4668-BE54-9A1E7A4F7556}") = "API.Webhooks.Tests", "backend\API.Webhooks.Tests\API.Webhooks.Tests.csproj", "{50D95B30-6EC7-4BB9-9C7A-32072358D118}"
EndProject
Project("{9A19103F-16F7-4668-BE54-9A1E7A4F7556}") = "API.Register", "backend\API.Register\API.Register.csproj", "{8FEDAE7E-3D97-4E68-9222-6CD0C03CCE7B}"
EndProject
Project("{9A19103F-16F7-4668-BE54-9A1E7A4F7556}") = "API.Register.Tests", "backend\API.Register.Tests\API.Register.Tests.csproj", "{A9454E2B-1448-4468-A1FF-BC87C53EDC38}"
EndProject
Project("{9A19103F-16F7-4668-BE54-9A1E7A4F7556}") = "API.Gateway", "backend\API.Gateway\API.Gateway.csproj", "{BC633BCC-E7E6-4B24-8FF9-538FE56B647E}"
EndProject
Project("{E53339B2-1760-4266-BCC7-CA923CBCF16C}") = "docker-compose", "docker-compose.dcproj", "{B70E4F44-BD0A-4B83-BE43-D563ACC004A1}"
EndProject
Project("{9A19103F-16F7-4668-BE54-9A1E7A4F7556}") = "Domain.Basket", "backend\BuildingBlocks\Domain\Domain.Basket\Domain.Basket.csproj", "{E1E15C2E-F1A4-4705-901D-98550B84FFD3}"
EndProject
Project("{9A19103F-16F7-4668-BE54-9A1E7A4F7556}") = "Domain.Catalog", "backend\BuildingBlocks\Domain\Domain.Catalog\Domain.Catalog.csproj", "{441B6300-7527-4645-AA94-6115A5026499}"
EndProject
Project("{9A19103F-16F7-4668-BE54-9A1E7A4F7556}") = "Domain.Identity", "backend\BuildingBlocks\Domain\Domain.Identity\Domain.Identity.csproj", "{96C6F528-3194-4BF2-8B20-E2439C167AD2}"
EndProject
Project("{9A19103F-16F7-4668-BE54-9A1E7A4F7556}") = "Domain.Ordering", "backend\BuildingBlocks\Domain\Domain.Ordering\Domain.Ordering.csproj", "{58A51881-AF9A-4E66-956D-8CEE8A8D4482}"
EndProject
Project("{9A19103F-16F7-4668-BE54-9A1E7A4F7556}") = "Domain.Payment", "backend\BuildingBlocks\Domain\Domain.Payment\Domain.Payment.csproj", "{0C175DEA-F279-49F1-BE90-BA8E780F76A7}"
EndProject
Project("{9A19103F-16F7-4668-BE54-9A1E7A4F7556}") = "Domain.Webhooks", "backend\BuildingBlocks\Domain\Domain.Webhooks\Domain.Webhooks.csproj", "{4C3D2A30-7762-48E2-958B-D37A11783EB5}"
EndProject
Project("{9A19103F-16F7-4668-BE54-9A1E7A4F7556}") = "Domain.Employee", "backend\BuildingBlocks\Domain\Domain.Employee\Domain.Employee.csproj", "{F7EC45E8-07D9-486C-9FE4-5198DF644163}"
EndProject
Project("{9A19103F-16F7-4668-BE54-9A1E7A4F7556}") = "Domain.Register", "backend\BuildingBlocks\Domain\Domain.Register\Domain.Register.csproj", "{A8A6EAD3-03E2-4A7D-BBCF-8444243BA646}"
EndProject
Project("{2150E333-8FDC-42A3-9474-1A3956D46DE8}") = "Employee", "Employee", "{6556C6FB-616B-4E4C-BF0A-3F74057C710A}"
EndProject
Project("{9A19103F-16F7-4668-BE54-9A1E7A4F7556}") = "API.Employee", "backend\API.Employee\API.Employee.csproj", "{516197D2-18EE-4FD5-B727-286C2143D631}"
EndProject
Project("{9A19103F-16F7-4668-BE54-9A1E7A4F7556}") = "API.Employee.Tests", "backend\API.Employee.Tests\API.Employee.Tests.csproj", "{D9EB36C7-5A08-4A03-BE69-3C6B8335E07D}"
EndProject
Project("{9A19103F-16F7-4668-BE54-9A1E7A4F7556}") = "API.Admin", "backend\API.Admin\API.Admin.csproj", "{840F7143-9351-440A-BCD6-54549ECAC2F5}"
EndProject
Project("{9A19103F-16F7-4668-BE54-9A1E7A4F7556}") = "API.Admin.Tests", "backend\API.Admin.Tests\API.Admin.Tests.csproj", "{66E9E063-EAF5-4178-B8C3-0F29E002A735}"
EndProject
Project("{FAE04EC0-301F-11D3-BF4B-00C04F79EFBC}") = "Enumerable", "backend\BuildingBlocks\Enumerable\Enumerable.csproj", "{59B5C74A-3E72-42BE-AEEA-F073ADC8C0E5}"
EndProject
Global
	GlobalSection(SolutionConfigurationPlatforms) = preSolution
		Debug|Any CPU = Debug|Any CPU
		Release|Any CPU = Release|Any CPU
	EndGlobalSection
	GlobalSection(ProjectConfigurationPlatforms) = postSolution
		{CD6C046A-7027-4ECC-9DBE-58C4820F5158}.Debug|Any CPU.ActiveCfg = Debug|Any CPU
		{CD6C046A-7027-4ECC-9DBE-58C4820F5158}.Debug|Any CPU.Build.0 = Debug|Any CPU
		{CD6C046A-7027-4ECC-9DBE-58C4820F5158}.Release|Any CPU.ActiveCfg = Release|Any CPU
		{CD6C046A-7027-4ECC-9DBE-58C4820F5158}.Release|Any CPU.Build.0 = Release|Any CPU
		{B9619CE4-3E17-4C51-8567-53F9DABB041C}.Debug|Any CPU.ActiveCfg = Debug|Any CPU
		{B9619CE4-3E17-4C51-8567-53F9DABB041C}.Debug|Any CPU.Build.0 = Debug|Any CPU
		{B9619CE4-3E17-4C51-8567-53F9DABB041C}.Release|Any CPU.ActiveCfg = Release|Any CPU
		{B9619CE4-3E17-4C51-8567-53F9DABB041C}.Release|Any CPU.Build.0 = Release|Any CPU
		{7662AF63-CCC6-4BFF-9D18-B4F4DDE2FF46}.Debug|Any CPU.ActiveCfg = Debug|Any CPU
		{7662AF63-CCC6-4BFF-9D18-B4F4DDE2FF46}.Debug|Any CPU.Build.0 = Debug|Any CPU
		{7662AF63-CCC6-4BFF-9D18-B4F4DDE2FF46}.Release|Any CPU.ActiveCfg = Release|Any CPU
		{7662AF63-CCC6-4BFF-9D18-B4F4DDE2FF46}.Release|Any CPU.Build.0 = Release|Any CPU
		{E010EEA8-9258-4548-8002-D1371A33020D}.Debug|Any CPU.ActiveCfg = Debug|Any CPU
		{E010EEA8-9258-4548-8002-D1371A33020D}.Debug|Any CPU.Build.0 = Debug|Any CPU
		{E010EEA8-9258-4548-8002-D1371A33020D}.Release|Any CPU.ActiveCfg = Release|Any CPU
		{E010EEA8-9258-4548-8002-D1371A33020D}.Release|Any CPU.Build.0 = Release|Any CPU
		{09EC53D3-9722-4EA5-877E-19F5873DAE28}.Debug|Any CPU.ActiveCfg = Debug|Any CPU
		{09EC53D3-9722-4EA5-877E-19F5873DAE28}.Debug|Any CPU.Build.0 = Debug|Any CPU
		{09EC53D3-9722-4EA5-877E-19F5873DAE28}.Release|Any CPU.ActiveCfg = Release|Any CPU
		{09EC53D3-9722-4EA5-877E-19F5873DAE28}.Release|Any CPU.Build.0 = Release|Any CPU
		{1AC88ED8-94E2-49CB-A184-EF198CF91EB5}.Debug|Any CPU.ActiveCfg = Debug|Any CPU
		{1AC88ED8-94E2-49CB-A184-EF198CF91EB5}.Debug|Any CPU.Build.0 = Debug|Any CPU
		{1AC88ED8-94E2-49CB-A184-EF198CF91EB5}.Release|Any CPU.ActiveCfg = Release|Any CPU
		{1AC88ED8-94E2-49CB-A184-EF198CF91EB5}.Release|Any CPU.Build.0 = Release|Any CPU
		{7EF63DEC-EBE6-4064-9E12-DE7B7FADEF7A}.Debug|Any CPU.ActiveCfg = Debug|Any CPU
		{7EF63DEC-EBE6-4064-9E12-DE7B7FADEF7A}.Debug|Any CPU.Build.0 = Debug|Any CPU
		{7EF63DEC-EBE6-4064-9E12-DE7B7FADEF7A}.Release|Any CPU.ActiveCfg = Release|Any CPU
		{7EF63DEC-EBE6-4064-9E12-DE7B7FADEF7A}.Release|Any CPU.Build.0 = Release|Any CPU
		{5005CD95-8F60-4BD6-9292-01718AEA4119}.Debug|Any CPU.ActiveCfg = Debug|Any CPU
		{5005CD95-8F60-4BD6-9292-01718AEA4119}.Debug|Any CPU.Build.0 = Debug|Any CPU
		{5005CD95-8F60-4BD6-9292-01718AEA4119}.Release|Any CPU.ActiveCfg = Release|Any CPU
		{5005CD95-8F60-4BD6-9292-01718AEA4119}.Release|Any CPU.Build.0 = Release|Any CPU
		{2CDECCC8-7C76-4587-A19F-9B32FC0B5154}.Debug|Any CPU.ActiveCfg = Debug|Any CPU
		{2CDECCC8-7C76-4587-A19F-9B32FC0B5154}.Debug|Any CPU.Build.0 = Debug|Any CPU
		{2CDECCC8-7C76-4587-A19F-9B32FC0B5154}.Release|Any CPU.ActiveCfg = Release|Any CPU
		{2CDECCC8-7C76-4587-A19F-9B32FC0B5154}.Release|Any CPU.Build.0 = Release|Any CPU
		{D49D0A8E-13DE-494C-A807-2A6758775E9F}.Debug|Any CPU.ActiveCfg = Debug|Any CPU
		{D49D0A8E-13DE-494C-A807-2A6758775E9F}.Debug|Any CPU.Build.0 = Debug|Any CPU
		{D49D0A8E-13DE-494C-A807-2A6758775E9F}.Release|Any CPU.ActiveCfg = Release|Any CPU
		{D49D0A8E-13DE-494C-A807-2A6758775E9F}.Release|Any CPU.Build.0 = Release|Any CPU
		{BAD2DFA1-4C00-4066-9950-C2D50D030A8E}.Debug|Any CPU.ActiveCfg = Debug|Any CPU
		{BAD2DFA1-4C00-4066-9950-C2D50D030A8E}.Debug|Any CPU.Build.0 = Debug|Any CPU
		{BAD2DFA1-4C00-4066-9950-C2D50D030A8E}.Release|Any CPU.ActiveCfg = Release|Any CPU
		{BAD2DFA1-4C00-4066-9950-C2D50D030A8E}.Release|Any CPU.Build.0 = Release|Any CPU
		{50D95B30-6EC7-4BB9-9C7A-32072358D118}.Debug|Any CPU.ActiveCfg = Debug|Any CPU
		{50D95B30-6EC7-4BB9-9C7A-32072358D118}.Debug|Any CPU.Build.0 = Debug|Any CPU
		{50D95B30-6EC7-4BB9-9C7A-32072358D118}.Release|Any CPU.ActiveCfg = Release|Any CPU
		{50D95B30-6EC7-4BB9-9C7A-32072358D118}.Release|Any CPU.Build.0 = Release|Any CPU
		{8FEDAE7E-3D97-4E68-9222-6CD0C03CCE7B}.Debug|Any CPU.ActiveCfg = Debug|Any CPU
		{8FEDAE7E-3D97-4E68-9222-6CD0C03CCE7B}.Debug|Any CPU.Build.0 = Debug|Any CPU
		{8FEDAE7E-3D97-4E68-9222-6CD0C03CCE7B}.Release|Any CPU.ActiveCfg = Release|Any CPU
		{8FEDAE7E-3D97-4E68-9222-6CD0C03CCE7B}.Release|Any CPU.Build.0 = Release|Any CPU
		{A9454E2B-1448-4468-A1FF-BC87C53EDC38}.Debug|Any CPU.ActiveCfg = Debug|Any CPU
		{A9454E2B-1448-4468-A1FF-BC87C53EDC38}.Debug|Any CPU.Build.0 = Debug|Any CPU
		{A9454E2B-1448-4468-A1FF-BC87C53EDC38}.Release|Any CPU.ActiveCfg = Release|Any CPU
		{A9454E2B-1448-4468-A1FF-BC87C53EDC38}.Release|Any CPU.Build.0 = Release|Any CPU
		{BC633BCC-E7E6-4B24-8FF9-538FE56B647E}.Debug|Any CPU.ActiveCfg = Debug|Any CPU
		{BC633BCC-E7E6-4B24-8FF9-538FE56B647E}.Debug|Any CPU.Build.0 = Debug|Any CPU
		{BC633BCC-E7E6-4B24-8FF9-538FE56B647E}.Release|Any CPU.ActiveCfg = Release|Any CPU
		{BC633BCC-E7E6-4B24-8FF9-538FE56B647E}.Release|Any CPU.Build.0 = Release|Any CPU
		{B70E4F44-BD0A-4B83-BE43-D563ACC004A1}.Debug|Any CPU.ActiveCfg = Debug|Any CPU
		{B70E4F44-BD0A-4B83-BE43-D563ACC004A1}.Debug|Any CPU.Build.0 = Debug|Any CPU
		{B70E4F44-BD0A-4B83-BE43-D563ACC004A1}.Release|Any CPU.ActiveCfg = Release|Any CPU
		{B70E4F44-BD0A-4B83-BE43-D563ACC004A1}.Release|Any CPU.Build.0 = Release|Any CPU
		{E1E15C2E-F1A4-4705-901D-98550B84FFD3}.Debug|Any CPU.ActiveCfg = Debug|Any CPU
		{E1E15C2E-F1A4-4705-901D-98550B84FFD3}.Debug|Any CPU.Build.0 = Debug|Any CPU
		{E1E15C2E-F1A4-4705-901D-98550B84FFD3}.Release|Any CPU.ActiveCfg = Release|Any CPU
		{E1E15C2E-F1A4-4705-901D-98550B84FFD3}.Release|Any CPU.Build.0 = Release|Any CPU
		{441B6300-7527-4645-AA94-6115A5026499}.Debug|Any CPU.ActiveCfg = Debug|Any CPU
		{441B6300-7527-4645-AA94-6115A5026499}.Debug|Any CPU.Build.0 = Debug|Any CPU
		{441B6300-7527-4645-AA94-6115A5026499}.Release|Any CPU.ActiveCfg = Release|Any CPU
		{441B6300-7527-4645-AA94-6115A5026499}.Release|Any CPU.Build.0 = Release|Any CPU
		{96C6F528-3194-4BF2-8B20-E2439C167AD2}.Debug|Any CPU.ActiveCfg = Debug|Any CPU
		{96C6F528-3194-4BF2-8B20-E2439C167AD2}.Debug|Any CPU.Build.0 = Debug|Any CPU
		{96C6F528-3194-4BF2-8B20-E2439C167AD2}.Release|Any CPU.ActiveCfg = Release|Any CPU
		{96C6F528-3194-4BF2-8B20-E2439C167AD2}.Release|Any CPU.Build.0 = Release|Any CPU
		{58A51881-AF9A-4E66-956D-8CEE8A8D4482}.Debug|Any CPU.ActiveCfg = Debug|Any CPU
		{58A51881-AF9A-4E66-956D-8CEE8A8D4482}.Debug|Any CPU.Build.0 = Debug|Any CPU
		{58A51881-AF9A-4E66-956D-8CEE8A8D4482}.Release|Any CPU.ActiveCfg = Release|Any CPU
		{58A51881-AF9A-4E66-956D-8CEE8A8D4482}.Release|Any CPU.Build.0 = Release|Any CPU
		{0C175DEA-F279-49F1-BE90-BA8E780F76A7}.Debug|Any CPU.ActiveCfg = Debug|Any CPU
		{0C175DEA-F279-49F1-BE90-BA8E780F76A7}.Debug|Any CPU.Build.0 = Debug|Any CPU
		{0C175DEA-F279-49F1-BE90-BA8E780F76A7}.Release|Any CPU.ActiveCfg = Release|Any CPU
		{0C175DEA-F279-49F1-BE90-BA8E780F76A7}.Release|Any CPU.Build.0 = Release|Any CPU
		{4C3D2A30-7762-48E2-958B-D37A11783EB5}.Debug|Any CPU.ActiveCfg = Debug|Any CPU
		{4C3D2A30-7762-48E2-958B-D37A11783EB5}.Debug|Any CPU.Build.0 = Debug|Any CPU
		{4C3D2A30-7762-48E2-958B-D37A11783EB5}.Release|Any CPU.ActiveCfg = Release|Any CPU
		{4C3D2A30-7762-48E2-958B-D37A11783EB5}.Release|Any CPU.Build.0 = Release|Any CPU
		{F7EC45E8-07D9-486C-9FE4-5198DF644163}.Debug|Any CPU.ActiveCfg = Debug|Any CPU
		{F7EC45E8-07D9-486C-9FE4-5198DF644163}.Debug|Any CPU.Build.0 = Debug|Any CPU
		{F7EC45E8-07D9-486C-9FE4-5198DF644163}.Release|Any CPU.ActiveCfg = Release|Any CPU
		{F7EC45E8-07D9-486C-9FE4-5198DF644163}.Release|Any CPU.Build.0 = Release|Any CPU
		{A8A6EAD3-03E2-4A7D-BBCF-8444243BA646}.Debug|Any CPU.ActiveCfg = Debug|Any CPU
		{A8A6EAD3-03E2-4A7D-BBCF-8444243BA646}.Debug|Any CPU.Build.0 = Debug|Any CPU
		{A8A6EAD3-03E2-4A7D-BBCF-8444243BA646}.Release|Any CPU.ActiveCfg = Release|Any CPU
		{A8A6EAD3-03E2-4A7D-BBCF-8444243BA646}.Release|Any CPU.Build.0 = Release|Any CPU
		{516197D2-18EE-4FD5-B727-286C2143D631}.Debug|Any CPU.ActiveCfg = Debug|Any CPU
		{516197D2-18EE-4FD5-B727-286C2143D631}.Debug|Any CPU.Build.0 = Debug|Any CPU
		{516197D2-18EE-4FD5-B727-286C2143D631}.Release|Any CPU.ActiveCfg = Release|Any CPU
		{516197D2-18EE-4FD5-B727-286C2143D631}.Release|Any CPU.Build.0 = Release|Any CPU
		{D9EB36C7-5A08-4A03-BE69-3C6B8335E07D}.Debug|Any CPU.ActiveCfg = Debug|Any CPU
		{D9EB36C7-5A08-4A03-BE69-3C6B8335E07D}.Debug|Any CPU.Build.0 = Debug|Any CPU
		{D9EB36C7-5A08-4A03-BE69-3C6B8335E07D}.Release|Any CPU.ActiveCfg = Release|Any CPU
		{D9EB36C7-5A08-4A03-BE69-3C6B8335E07D}.Release|Any CPU.Build.0 = Release|Any CPU
		{840F7143-9351-440A-BCD6-54549ECAC2F5}.Debug|Any CPU.ActiveCfg = Debug|Any CPU
		{840F7143-9351-440A-BCD6-54549ECAC2F5}.Debug|Any CPU.Build.0 = Debug|Any CPU
		{840F7143-9351-440A-BCD6-54549ECAC2F5}.Release|Any CPU.ActiveCfg = Release|Any CPU
		{840F7143-9351-440A-BCD6-54549ECAC2F5}.Release|Any CPU.Build.0 = Release|Any CPU
		{66E9E063-EAF5-4178-B8C3-0F29E002A735}.Debug|Any CPU.ActiveCfg = Debug|Any CPU
		{66E9E063-EAF5-4178-B8C3-0F29E002A735}.Debug|Any CPU.Build.0 = Debug|Any CPU
		{66E9E063-EAF5-4178-B8C3-0F29E002A735}.Release|Any CPU.ActiveCfg = Release|Any CPU
		{66E9E063-EAF5-4178-B8C3-0F29E002A735}.Release|Any CPU.Build.0 = Release|Any CPU
		{59B5C74A-3E72-42BE-AEEA-F073ADC8C0E5}.Debug|Any CPU.ActiveCfg = Debug|Any CPU
		{59B5C74A-3E72-42BE-AEEA-F073ADC8C0E5}.Debug|Any CPU.Build.0 = Debug|Any CPU
		{59B5C74A-3E72-42BE-AEEA-F073ADC8C0E5}.Release|Any CPU.ActiveCfg = Release|Any CPU
		{59B5C74A-3E72-42BE-AEEA-F073ADC8C0E5}.Release|Any CPU.Build.0 = Release|Any CPU
	EndGlobalSection
	GlobalSection(SolutionProperties) = preSolution
		HideSolutionNode = FALSE
	EndGlobalSection
	GlobalSection(NestedProjects) = preSolution
		{BFED3295-CFF1-4F15-8262-5CFFAF345CBB} = {2E5AC71E-707C-4D88-8D33-AF1516B1AB25}
		{BE642CBA-377D-47B3-9F02-712D75675201} = {C52A446F-2A8D-4E4F-933F-9CF8D3E1CC4F}
		{C6C866F0-8B4F-44C4-B8C4-B9F27FF9F0AB} = {C52A446F-2A8D-4E4F-933F-9CF8D3E1CC4F}
		{4F6A66AC-7BDE-4A53-B76F-2AB1768700E1} = {C52A446F-2A8D-4E4F-933F-9CF8D3E1CC4F}
		{0EE84D3E-BFF0-4EB5-AD7F-D1077AB95F85} = {C52A446F-2A8D-4E4F-933F-9CF8D3E1CC4F}
		{68AAC44F-368E-40EE-8A0B-C5953B9FDED2} = {4F6A66AC-7BDE-4A53-B76F-2AB1768700E1}
		{3B49DF55-1D82-4ADB-B461-2431F9BF48E5} = {4F6A66AC-7BDE-4A53-B76F-2AB1768700E1}
		{4C87ED09-6089-43E9-A283-76491197976C} = {4F6A66AC-7BDE-4A53-B76F-2AB1768700E1}
		{2FD29A4B-52F5-48C6-829C-A7815E608F66} = {4F6A66AC-7BDE-4A53-B76F-2AB1768700E1}
		{9DE2FE42-5BDD-4B4A-9065-6424F4475783} = {4F6A66AC-7BDE-4A53-B76F-2AB1768700E1}
		{A518796B-CDC4-4824-9EB4-063C2E619524} = {4F6A66AC-7BDE-4A53-B76F-2AB1768700E1}
		{21E285E7-4128-4A12-915E-2E235A46D801} = {4F6A66AC-7BDE-4A53-B76F-2AB1768700E1}
		{75105B25-8B6A-4B9A-92D8-2E9645AC3C04} = {4F6A66AC-7BDE-4A53-B76F-2AB1768700E1}
		{CD6C046A-7027-4ECC-9DBE-58C4820F5158} = {4C87ED09-6089-43E9-A283-76491197976C}
		{B9619CE4-3E17-4C51-8567-53F9DABB041C} = {4C87ED09-6089-43E9-A283-76491197976C}
		{7662AF63-CCC6-4BFF-9D18-B4F4DDE2FF46} = {2FD29A4B-52F5-48C6-829C-A7815E608F66}
		{E010EEA8-9258-4548-8002-D1371A33020D} = {2FD29A4B-52F5-48C6-829C-A7815E608F66}
		{09EC53D3-9722-4EA5-877E-19F5873DAE28} = {68AAC44F-368E-40EE-8A0B-C5953B9FDED2}
		{1AC88ED8-94E2-49CB-A184-EF198CF91EB5} = {68AAC44F-368E-40EE-8A0B-C5953B9FDED2}
		{7EF63DEC-EBE6-4064-9E12-DE7B7FADEF7A} = {9DE2FE42-5BDD-4B4A-9065-6424F4475783}
		{5005CD95-8F60-4BD6-9292-01718AEA4119} = {9DE2FE42-5BDD-4B4A-9065-6424F4475783}
		{2CDECCC8-7C76-4587-A19F-9B32FC0B5154} = {A518796B-CDC4-4824-9EB4-063C2E619524}
		{D49D0A8E-13DE-494C-A807-2A6758775E9F} = {A518796B-CDC4-4824-9EB4-063C2E619524}
		{BAD2DFA1-4C00-4066-9950-C2D50D030A8E} = {21E285E7-4128-4A12-915E-2E235A46D801}
		{50D95B30-6EC7-4BB9-9C7A-32072358D118} = {21E285E7-4128-4A12-915E-2E235A46D801}
		{8FEDAE7E-3D97-4E68-9222-6CD0C03CCE7B} = {3B49DF55-1D82-4ADB-B461-2431F9BF48E5}
		{A9454E2B-1448-4468-A1FF-BC87C53EDC38} = {3B49DF55-1D82-4ADB-B461-2431F9BF48E5}
		{BC633BCC-E7E6-4B24-8FF9-538FE56B647E} = {BE642CBA-377D-47B3-9F02-712D75675201}
		{E1E15C2E-F1A4-4705-901D-98550B84FFD3} = {C6C866F0-8B4F-44C4-B8C4-B9F27FF9F0AB}
		{441B6300-7527-4645-AA94-6115A5026499} = {C6C866F0-8B4F-44C4-B8C4-B9F27FF9F0AB}
		{96C6F528-3194-4BF2-8B20-E2439C167AD2} = {C6C866F0-8B4F-44C4-B8C4-B9F27FF9F0AB}
		{58A51881-AF9A-4E66-956D-8CEE8A8D4482} = {C6C866F0-8B4F-44C4-B8C4-B9F27FF9F0AB}
		{0C175DEA-F279-49F1-BE90-BA8E780F76A7} = {C6C866F0-8B4F-44C4-B8C4-B9F27FF9F0AB}
		{4C3D2A30-7762-48E2-958B-D37A11783EB5} = {C6C866F0-8B4F-44C4-B8C4-B9F27FF9F0AB}
		{F7EC45E8-07D9-486C-9FE4-5198DF644163} = {C6C866F0-8B4F-44C4-B8C4-B9F27FF9F0AB}
		{A8A6EAD3-03E2-4A7D-BBCF-8444243BA646} = {C6C866F0-8B4F-44C4-B8C4-B9F27FF9F0AB}
		{6556C6FB-616B-4E4C-BF0A-3F74057C710A} = {4F6A66AC-7BDE-4A53-B76F-2AB1768700E1}
		{516197D2-18EE-4FD5-B727-286C2143D631} = {6556C6FB-616B-4E4C-BF0A-3F74057C710A}
		{D9EB36C7-5A08-4A03-BE69-3C6B8335E07D} = {6556C6FB-616B-4E4C-BF0A-3F74057C710A}
		{840F7143-9351-440A-BCD6-54549ECAC2F5} = {3B49DF55-1D82-4ADB-B461-2431F9BF48E5}
		{66E9E063-EAF5-4178-B8C3-0F29E002A735} = {3B49DF55-1D82-4ADB-B461-2431F9BF48E5}
		{59B5C74A-3E72-42BE-AEEA-F073ADC8C0E5} = {C6C866F0-8B4F-44C4-B8C4-B9F27FF9F0AB}
	EndGlobalSection
	GlobalSection(ExtensibilityGlobals) = postSolution
		SolutionGuid = {C3EEA466-727D-4860-AAEB-6763D5A16B28}
	EndGlobalSection
EndGlobal
